
Microsoft Visual Studio Solution File, Format Version 12.00
# Visual Studio Version 16
VisualStudioVersion = 16.0.32413.511
MinimumVisualStudioVersion = 10.0.40219.1
Project("{FAE04EC0-301F-11D3-BF4B-00C04F79EFBC}") = "InfoSolutionsArbetsprov", "InfoSolutionsArbetsprov\InfoSolutionsArbetsprov.csproj", "{79B8E571-2A8B-47A9-A019-C25F92E2E5D9}"
EndProject
Global
	GlobalSection(SolutionConfigurationPlatforms) = preSolution
		Debug|Any CPU = Debug|Any CPU
		Release|Any CPU = Release|Any CPU
	EndGlobalSection
	GlobalSection(ProjectConfigurationPlatforms) = postSolution
		{79B8E571-2A8B-47A9-A019-C25F92E2E5D9}.Debug|Any CPU.ActiveCfg = Debug|Any CPU
		{79B8E571-2A8B-47A9-A019-C25F92E2E5D9}.Debug|Any CPU.Build.0 = Debug|Any CPU
		{79B8E571-2A8B-47A9-A019-C25F92E2E5D9}.Release|Any CPU.ActiveCfg = Release|Any CPU
		{79B8E571-2A8B-47A9-A019-C25F92E2E5D9}.Release|Any CPU.Build.0 = Release|Any CPU
	EndGlobalSection
	GlobalSection(SolutionProperties) = preSolution
		HideSolutionNode = FALSE
	EndGlobalSection
	GlobalSection(ExtensibilityGlobals) = postSolution
		SolutionGuid = {9AE27ECE-05A6-47D7-91F1-5ADDBB26BAE4}
	EndGlobalSection
EndGlobal
